// !$*UTF8*$!
{
	archiveVersion = 1;
	classes = {
	};
	objectVersion = 46;
	objects = {

/* Begin PBXBuildFile section */
		690016CE1D337D64006CE906 /* chakan.swift in Sources */ = {isa = PBXBuildFile; fileRef = 690016CD1D337D64006CE906 /* chakan.swift */; };
		690016D01D338B4A006CE906 /* chazhao.swift in Sources */ = {isa = PBXBuildFile; fileRef = 690016CF1D338B4A006CE906 /* chazhao.swift */; };
		698362901D2F3966002B7F6C /* AppDelegate.swift in Sources */ = {isa = PBXBuildFile; fileRef = 6983628F1D2F3966002B7F6C /* AppDelegate.swift */; };
		698362921D2F3966002B7F6C /* ViewController.swift in Sources */ = {isa = PBXBuildFile; fileRef = 698362911D2F3966002B7F6C /* ViewController.swift */; };
		698362951D2F3966002B7F6C /* Main.storyboard in Resources */ = {isa = PBXBuildFile; fileRef = 698362931D2F3966002B7F6C /* Main.storyboard */; };
		698362971D2F3966002B7F6C /* Assets.xcassets in Resources */ = {isa = PBXBuildFile; fileRef = 698362961D2F3966002B7F6C /* Assets.xcassets */; };
		6983629A1D2F3966002B7F6C /* LaunchScreen.storyboard in Resources */ = {isa = PBXBuildFile; fileRef = 698362981D2F3966002B7F6C /* LaunchScreen.storyboard */; };
		698362A51D2F3966002B7F6C /* SQliteTests.swift in Sources */ = {isa = PBXBuildFile; fileRef = 698362A41D2F3966002B7F6C /* SQliteTests.swift */; };
		698362B01D2F3966002B7F6C /* SQliteUITests.swift in Sources */ = {isa = PBXBuildFile; fileRef = 698362AF1D2F3966002B7F6C /* SQliteUITests.swift */; };
		698362BE1D2F3998002B7F6C /* libsqlite3.0.tbd in Frameworks */ = {isa = PBXBuildFile; fileRef = 698362BD1D2F3998002B7F6C /* libsqlite3.0.tbd */; };
		698362C41D2F3B15002B7F6C /* SQLiteDB.swift in Sources */ = {isa = PBXBuildFile; fileRef = 698362C11D2F3B15002B7F6C /* SQLiteDB.swift */; };
		698362C51D2F3B15002B7F6C /* SQLTable.swift in Sources */ = {isa = PBXBuildFile; fileRef = 698362C21D2F3B15002B7F6C /* SQLTable.swift */; };
		698362C61D2F3B15002B7F6C /* String-Extras.swift in Sources */ = {isa = PBXBuildFile; fileRef = 698362C31D2F3B15002B7F6C /* String-Extras.swift */; };
		698362C81D2F3B20002B7F6C /* data.db in Resources */ = {isa = PBXBuildFile; fileRef = 698362C71D2F3B20002B7F6C /* data.db */; };
		698362CA1D2F4D1A002B7F6C /* delete.swift in Sources */ = {isa = PBXBuildFile; fileRef = 698362C91D2F4D1A002B7F6C /* delete.swift */; };
		69EF46411D36497500734907 /* f514995a23023325b98a5903aba7264f.png in Resources */ = {isa = PBXBuildFile; fileRef = 69EF46401D36497500734907 /* f514995a23023325b98a5903aba7264f.png */; };
/* End PBXBuildFile section */

/* Begin PBXContainerItemProxy section */
		698362A11D2F3966002B7F6C /* PBXContainerItemProxy */ = {
			isa = PBXContainerItemProxy;
			containerPortal = 698362841D2F3966002B7F6C /* Project object */;
			proxyType = 1;
			remoteGlobalIDString = 6983628B1D2F3966002B7F6C;
			remoteInfo = SQlite;
		};
		698362AC1D2F3966002B7F6C /* PBXContainerItemProxy */ = {
			isa = PBXContainerItemProxy;
			containerPortal = 698362841D2F3966002B7F6C /* Project object */;
			proxyType = 1;
			remoteGlobalIDString = 6983628B1D2F3966002B7F6C;
			remoteInfo = SQlite;
		};
/* End PBXContainerItemProxy section */

/* Begin PBXFileReference section */
		690016CD1D337D64006CE906 /* chakan.swift */ = {isa = PBXFileReference; fileEncoding = 4; lastKnownFileType = sourcecode.swift; path = chakan.swift; sourceTree = "<group>"; };
		690016CF1D338B4A006CE906 /* chazhao.swift */ = {isa = PBXFileReference; fileEncoding = 4; lastKnownFileType = sourcecode.swift; path = chazhao.swift; sourceTree = "<group>"; };
		6983628C1D2F3966002B7F6C /* SQlite.app */ = {isa = PBXFileReference; explicitFileType = wrapper.application; includeInIndex = 0; path = SQlite.app; sourceTree = BUILT_PRODUCTS_DIR; };
		6983628F1D2F3966002B7F6C /* AppDelegate.swift */ = {isa = PBXFileReference; lastKnownFileType = sourcecode.swift; path = AppDelegate.swift; sourceTree = "<group>"; };
		698362911D2F3966002B7F6C /* ViewController.swift */ = {isa = PBXFileReference; lastKnownFileType = sourcecode.swift; path = ViewController.swift; sourceTree = "<group>"; };
		698362941D2F3966002B7F6C /* Base */ = {isa = PBXFileReference; lastKnownFileType = file.storyboard; name = Base; path = Base.lproj/Main.storyboard; sourceTree = "<group>"; };
		698362961D2F3966002B7F6C /* Assets.xcassets */ = {isa = PBXFileReference; lastKnownFileType = folder.assetcatalog; path = Assets.xcassets; sourceTree = "<group>"; };
		698362991D2F3966002B7F6C /* Base */ = {isa = PBXFileReference; lastKnownFileType = file.storyboard; name = Base; path = Base.lproj/LaunchScreen.storyboard; sourceTree = "<group>"; };
		6983629B1D2F3966002B7F6C /* Info.plist */ = {isa = PBXFileReference; lastKnownFileType = text.plist.xml; path = Info.plist; sourceTree = "<group>"; };
		698362A01D2F3966002B7F6C /* SQliteTests.xctest */ = {isa = PBXFileReference; explicitFileType = wrapper.cfbundle; includeInIndex = 0; path = SQliteTests.xctest; sourceTree = BUILT_PRODUCTS_DIR; };
		698362A41D2F3966002B7F6C /* SQliteTests.swift */ = {isa = PBXFileReference; lastKnownFileType = sourcecode.swift; path = SQliteTests.swift; sourceTree = "<group>"; };
		698362A61D2F3966002B7F6C /* Info.plist */ = {isa = PBXFileReference; lastKnownFileType = text.plist.xml; path = Info.plist; sourceTree = "<group>"; };
		698362AB1D2F3966002B7F6C /* SQliteUITests.xctest */ = {isa = PBXFileReference; explicitFileType = wrapper.cfbundle; includeInIndex = 0; path = SQliteUITests.xctest; sourceTree = BUILT_PRODUCTS_DIR; };
		698362AF1D2F3966002B7F6C /* SQliteUITests.swift */ = {isa = PBXFileReference; lastKnownFileType = sourcecode.swift; path = SQliteUITests.swift; sourceTree = "<group>"; };
		698362B11D2F3966002B7F6C /* Info.plist */ = {isa = PBXFileReference; lastKnownFileType = text.plist.xml; path = Info.plist; sourceTree = "<group>"; };
		698362BD1D2F3998002B7F6C /* libsqlite3.0.tbd */ = {isa = PBXFileReference; lastKnownFileType = "sourcecode.text-based-dylib-definition"; name = libsqlite3.0.tbd; path = usr/lib/libsqlite3.0.tbd; sourceTree = SDKROOT; };
		698362BF1D2F39CC002B7F6C /* Header.h */ = {isa = PBXFileReference; lastKnownFileType = sourcecode.c.h; path = Header.h; sourceTree = "<group>"; };
		698362C11D2F3B15002B7F6C /* SQLiteDB.swift */ = {isa = PBXFileReference; fileEncoding = 4; lastKnownFileType = sourcecode.swift; path = SQLiteDB.swift; sourceTree = "<group>"; };
		698362C21D2F3B15002B7F6C /* SQLTable.swift */ = {isa = PBXFileReference; fileEncoding = 4; lastKnownFileType = sourcecode.swift; path = SQLTable.swift; sourceTree = "<group>"; };
		698362C31D2F3B15002B7F6C /* String-Extras.swift */ = {isa = PBXFileReference; fileEncoding = 4; lastKnownFileType = sourcecode.swift; path = "String-Extras.swift"; sourceTree = "<group>"; };
		698362C71D2F3B20002B7F6C /* data.db */ = {isa = PBXFileReference; fileEncoding = 4; lastKnownFileType = text; path = data.db; sourceTree = SOURCE_ROOT; };
		698362C91D2F4D1A002B7F6C /* delete.swift */ = {isa = PBXFileReference; fileEncoding = 4; lastKnownFileType = sourcecode.swift; path = delete.swift; sourceTree = "<group>"; };
		69EF46401D36497500734907 /* f514995a23023325b98a5903aba7264f.png */ = {isa = PBXFileReference; lastKnownFileType = image.png; path = f514995a23023325b98a5903aba7264f.png; sourceTree = "<group>"; };
/* End PBXFileReference section */

/* Begin PBXFrameworksBuildPhase section */
		698362891D2F3966002B7F6C /* Frameworks */ = {
			isa = PBXFrameworksBuildPhase;
			buildActionMask = 2147483647;
			files = (
				698362BE1D2F3998002B7F6C /* libsqlite3.0.tbd in Frameworks */,
			);
			runOnlyForDeploymentPostprocessing = 0;
		};
		6983629D1D2F3966002B7F6C /* Frameworks */ = {
			isa = PBXFrameworksBuildPhase;
			buildActionMask = 2147483647;
			files = (
			);
			runOnlyForDeploymentPostprocessing = 0;
		};
		698362A81D2F3966002B7F6C /* Frameworks */ = {
			isa = PBXFrameworksBuildPhase;
			buildActionMask = 2147483647;
			files = (
			);
			runOnlyForDeploymentPostprocessing = 0;
		};
/* End PBXFrameworksBuildPhase section */

/* Begin PBXGroup section */
		698362831D2F3966002B7F6C = {
			isa = PBXGroup;
			children = (
				698362BD1D2F3998002B7F6C /* libsqlite3.0.tbd */,
				6983628E1D2F3966002B7F6C /* SQlite */,
				698362A31D2F3966002B7F6C /* SQliteTests */,
				698362AE1D2F3966002B7F6C /* SQliteUITests */,
				6983628D1D2F3966002B7F6C /* Products */,
			);
			sourceTree = "<group>";
		};
		6983628D1D2F3966002B7F6C /* Products */ = {
			isa = PBXGroup;
			children = (
				6983628C1D2F3966002B7F6C /* SQlite.app */,
				698362A01D2F3966002B7F6C /* SQliteTests.xctest */,
				698362AB1D2F3966002B7F6C /* SQliteUITests.xctest */,
			);
			name = Products;
			sourceTree = "<group>";
		};
		6983628E1D2F3966002B7F6C /* SQlite */ = {
			isa = PBXGroup;
			children = (
				698362C71D2F3B20002B7F6C /* data.db */,
				698362C01D2F3B15002B7F6C /* SQLiteDB */,
				6983628F1D2F3966002B7F6C /* AppDelegate.swift */,
				698362911D2F3966002B7F6C /* ViewController.swift */,
				698362931D2F3966002B7F6C /* Main.storyboard */,
				698362961D2F3966002B7F6C /* Assets.xcassets */,
				698362981D2F3966002B7F6C /* LaunchScreen.storyboard */,
				6983629B1D2F3966002B7F6C /* Info.plist */,
				698362BF1D2F39CC002B7F6C /* Header.h */,
				698362C91D2F4D1A002B7F6C /* delete.swift */,
				690016CF1D338B4A006CE906 /* chazhao.swift */,
			);
			path = SQlite;
			sourceTree = "<group>";
		};
		698362A31D2F3966002B7F6C /* SQliteTests */ = {
			isa = PBXGroup;
			children = (
				698362A41D2F3966002B7F6C /* SQliteTests.swift */,
				698362A61D2F3966002B7F6C /* Info.plist */,
			);
			path = SQliteTests;
			sourceTree = "<group>";
		};
		698362AE1D2F3966002B7F6C /* SQliteUITests */ = {
			isa = PBXGroup;
			children = (
				698362AF1D2F3966002B7F6C /* SQliteUITests.swift */,
				698362B11D2F3966002B7F6C /* Info.plist */,
			);
			path = SQliteUITests;
			sourceTree = "<group>";
		};
		698362C01D2F3B15002B7F6C /* SQLiteDB */ = {
			isa = PBXGroup;
			children = (
				69EF46401D36497500734907 /* f514995a23023325b98a5903aba7264f.png */,
				698362C11D2F3B15002B7F6C /* SQLiteDB.swift */,
				698362C21D2F3B15002B7F6C /* SQLTable.swift */,
				698362C31D2F3B15002B7F6C /* String-Extras.swift */,
				690016CD1D337D64006CE906 /* chakan.swift */,
			);
			path = SQLiteDB;
			sourceTree = SOURCE_ROOT;
		};
/* End PBXGroup section */

/* Begin PBXNativeTarget section */
		6983628B1D2F3966002B7F6C /* SQlite */ = {
			isa = PBXNativeTarget;
			buildConfigurationList = 698362B41D2F3966002B7F6C /* Build configuration list for PBXNativeTarget "SQlite" */;
			buildPhases = (
				698362881D2F3966002B7F6C /* Sources */,
				698362891D2F3966002B7F6C /* Frameworks */,
				6983628A1D2F3966002B7F6C /* Resources */,
			);
			buildRules = (
			);
			dependencies = (
			);
			name = SQlite;
			productName = SQlite;
			productReference = 6983628C1D2F3966002B7F6C /* SQlite.app */;
			productType = "com.apple.product-type.application";
		};
		6983629F1D2F3966002B7F6C /* SQliteTests */ = {
			isa = PBXNativeTarget;
			buildConfigurationList = 698362B71D2F3966002B7F6C /* Build configuration list for PBXNativeTarget "SQliteTests" */;
			buildPhases = (
				6983629C1D2F3966002B7F6C /* Sources */,
				6983629D1D2F3966002B7F6C /* Frameworks */,
				6983629E1D2F3966002B7F6C /* Resources */,
			);
			buildRules = (
			);
			dependencies = (
				698362A21D2F3966002B7F6C /* PBXTargetDependency */,
			);
			name = SQliteTests;
			productName = SQliteTests;
			productReference = 698362A01D2F3966002B7F6C /* SQliteTests.xctest */;
			productType = "com.apple.product-type.bundle.unit-test";
		};
		698362AA1D2F3966002B7F6C /* SQliteUITests */ = {
			isa = PBXNativeTarget;
			buildConfigurationList = 698362BA1D2F3966002B7F6C /* Build configuration list for PBXNativeTarget "SQliteUITests" */;
			buildPhases = (
				698362A71D2F3966002B7F6C /* Sources */,
				698362A81D2F3966002B7F6C /* Frameworks */,
				698362A91D2F3966002B7F6C /* Resources */,
			);
			buildRules = (
			);
			dependencies = (
				698362AD1D2F3966002B7F6C /* PBXTargetDependency */,
			);
			name = SQliteUITests;
			productName = SQliteUITests;
			productReference = 698362AB1D2F3966002B7F6C /* SQliteUITests.xctest */;
			productType = "com.apple.product-type.bundle.ui-testing";
		};
/* End PBXNativeTarget section */

/* Begin PBXProject section */
		698362841D2F3966002B7F6C /* Project object */ = {
			isa = PBXProject;
			attributes = {
				LastSwiftUpdateCheck = 0730;
				LastUpgradeCheck = 0730;
				ORGANIZATIONNAME = "刘骁汉";
				TargetAttributes = {
					6983628B1D2F3966002B7F6C = {
						CreatedOnToolsVersion = 7.3.1;
					};
					6983629F1D2F3966002B7F6C = {
						CreatedOnToolsVersion = 7.3.1;
						TestTargetID = 6983628B1D2F3966002B7F6C;
					};
					698362AA1D2F3966002B7F6C = {
						CreatedOnToolsVersion = 7.3.1;
						TestTargetID = 6983628B1D2F3966002B7F6C;
					};
				};
			};
			buildConfigurationList = 698362871D2F3966002B7F6C /* Build configuration list for PBXProject "SQlite" */;
			compatibilityVersion = "Xcode 3.2";
			developmentRegion = English;
			hasScannedForEncodings = 0;
			knownRegions = (
				en,
				Base,
			);
			mainGroup = 698362831D2F3966002B7F6C;
			productRefGroup = 6983628D1D2F3966002B7F6C /* Products */;
			projectDirPath = "";
			projectRoot = "";
			targets = (
				6983628B1D2F3966002B7F6C /* SQlite */,
				6983629F1D2F3966002B7F6C /* SQliteTests */,
				698362AA1D2F3966002B7F6C /* SQliteUITests */,
			);
		};
/* End PBXProject section */

/* Begin PBXResourcesBuildPhase section */
		6983628A1D2F3966002B7F6C /* Resources */ = {
			isa = PBXResourcesBuildPhase;
			buildActionMask = 2147483647;
			files = (
				6983629A1D2F3966002B7F6C /* LaunchScreen.storyboard in Resources */,
				69EF46411D36497500734907 /* f514995a23023325b98a5903aba7264f.png in Resources */,
				698362C81D2F3B20002B7F6C /* data.db in Resources */,
				698362971D2F3966002B7F6C /* Assets.xcassets in Resources */,
				698362951D2F3966002B7F6C /* Main.storyboard in Resources */,
			);
			runOnlyForDeploymentPostprocessing = 0;
		};
		6983629E1D2F3966002B7F6C /* Resources */ = {
			isa = PBXResourcesBuildPhase;
			buildActionMask = 2147483647;
			files = (
			);
			runOnlyForDeploymentPostprocessing = 0;
		};
		698362A91D2F3966002B7F6C /* Resources */ = {
			isa = PBXResourcesBuildPhase;
			buildActionMask = 2147483647;
			files = (
			);
			runOnlyForDeploymentPostprocessing = 0;
		};
/* End PBXResourcesBuildPhase section */

/* Begin PBXSourcesBuildPhase section */
		698362881D2F3966002B7F6C /* Sources */ = {
			isa = PBXSourcesBuildPhase;
			buildActionMask = 2147483647;
			files = (
				698362C61D2F3B15002B7F6C /* String-Extras.swift in Sources */,
				698362C41D2F3B15002B7F6C /* SQLiteDB.swift in Sources */,
				698362C51D2F3B15002B7F6C /* SQLTable.swift in Sources */,
				698362921D2F3966002B7F6C /* ViewController.swift in Sources */,
				698362CA1D2F4D1A002B7F6C /* delete.swift in Sources */,
				690016CE1D337D64006CE906 /* chakan.swift in Sources */,
				690016D01D338B4A006CE906 /* chazhao.swift in Sources */,
				698362901D2F3966002B7F6C /* AppDelegate.swift in Sources */,
			);
			runOnlyForDeploymentPostprocessing = 0;
		};
		6983629C1D2F3966002B7F6C /* Sources */ = {
			isa = PBXSourcesBuildPhase;
			buildActionMask = 2147483647;
			files = (
				698362A51D2F3966002B7F6C /* SQliteTests.swift in Sources */,
			);
			runOnlyForDeploymentPostprocessing = 0;
		};
		698362A71D2F3966002B7F6C /* Sources */ = {
			isa = PBXSourcesBuildPhase;
			buildActionMask = 2147483647;
			files = (
				698362B01D2F3966002B7F6C /* SQliteUITests.swift in Sources */,
			);
			runOnlyForDeploymentPostprocessing = 0;
		};
/* End PBXSourcesBuildPhase section */

/* Begin PBXTargetDependency section */
		698362A21D2F3966002B7F6C /* PBXTargetDependency */ = {
			isa = PBXTargetDependency;
			target = 6983628B1D2F3966002B7F6C /* SQlite */;
			targetProxy = 698362A11D2F3966002B7F6C /* PBXContainerItemProxy */;
		};
		698362AD1D2F3966002B7F6C /* PBXTargetDependency */ = {
			isa = PBXTargetDependency;
			target = 6983628B1D2F3966002B7F6C /* SQlite */;
			targetProxy = 698362AC1D2F3966002B7F6C /* PBXContainerItemProxy */;
		};
/* End PBXTargetDependency section */

/* Begin PBXVariantGroup section */
		698362931D2F3966002B7F6C /* Main.storyboard */ = {
			isa = PBXVariantGroup;
			children = (
				698362941D2F3966002B7F6C /* Base */,
			);
			name = Main.storyboard;
			sourceTree = "<group>";
		};
		698362981D2F3966002B7F6C /* LaunchScreen.storyboard */ = {
			isa = PBXVariantGroup;
			children = (
				698362991D2F3966002B7F6C /* Base */,
			);
			name = LaunchScreen.storyboard;
			sourceTree = "<group>";
		};
/* End PBXVariantGroup section */

/* Begin XCBuildConfiguration section */
		698362B21D2F3966002B7F6C /* Debug */ = {
			isa = XCBuildConfiguration;
			buildSettings = {
				ALWAYS_SEARCH_USER_PATHS = NO;
				CLANG_ANALYZER_NONNULL = YES;
				CLANG_CXX_LANGUAGE_STANDARD = "gnu++0x";
				CLANG_CXX_LIBRARY = "libc++";
				CLANG_ENABLE_MODULES = YES;
				CLANG_ENABLE_OBJC_ARC = YES;
				CLANG_WARN_BOOL_CONVERSION = YES;
				CLANG_WARN_CONSTANT_CONVERSION = YES;
				CLANG_WARN_DIRECT_OBJC_ISA_USAGE = YES_ERROR;
				CLANG_WARN_EMPTY_BODY = YES;
				CLANG_WARN_ENUM_CONVERSION = YES;
				CLANG_WARN_INT_CONVERSION = YES;
				CLANG_WARN_OBJC_ROOT_CLASS = YES_ERROR;
				CLANG_WARN_UNREACHABLE_CODE = YES;
				CLANG_WARN__DUPLICATE_METHOD_MATCH = YES;
				"CODE_SIGN_IDENTITY[sdk=iphoneos*]" = "iPhone Developer";
				COPY_PHASE_STRIP = NO;
				DEBUG_INFORMATION_FORMAT = dwarf;
				ENABLE_STRICT_OBJC_MSGSEND = YES;
				ENABLE_TESTABILITY = YES;
				GCC_C_LANGUAGE_STANDARD = gnu99;
				GCC_DYNAMIC_NO_PIC = NO;
				GCC_NO_COMMON_BLOCKS = YES;
				GCC_OPTIMIZATION_LEVEL = 0;
				GCC_PREPROCESSOR_DEFINITIONS = (
					"DEBUG=1",
					"$(inherited)",
				);
				GCC_WARN_64_TO_32_BIT_CONVERSION = YES;
				GCC_WARN_ABOUT_RETURN_TYPE = YES_ERROR;
				GCC_WARN_UNDECLARED_SELECTOR = YES;
				GCC_WARN_UNINITIALIZED_AUTOS = YES_AGGRESSIVE;
				GCC_WARN_UNUSED_FUNCTION = YES;
				GCC_WARN_UNUSED_VARIABLE = YES;
				IPHONEOS_DEPLOYMENT_TARGET = 9.3;
				MTL_ENABLE_DEBUG_INFO = YES;
				ONLY_ACTIVE_ARCH = YES;
				SDKROOT = iphoneos;
				SWIFT_OPTIMIZATION_LEVEL = "-Onone";
				TARGETED_DEVICE_FAMILY = "1,2";
			};
			name = Debug;
		};
		698362B31D2F3966002B7F6C /* Release */ = {
			isa = XCBuildConfiguration;
			buildSettings = {
				ALWAYS_SEARCH_USER_PATHS = NO;
				CLANG_ANALYZER_NONNULL = YES;
				CLANG_CXX_LANGUAGE_STANDARD = "gnu++0x";
				CLANG_CXX_LIBRARY = "libc++";
				CLANG_ENABLE_MODULES = YES;
				CLANG_ENABLE_OBJC_ARC = YES;
				CLANG_WARN_BOOL_CONVERSION = YES;
				CLANG_WARN_CONSTANT_CONVERSION = YES;
				CLANG_WARN_DIRECT_OBJC_ISA_USAGE = YES_ERROR;
				CLANG_WARN_EMPTY_BODY = YES;
				CLANG_WARN_ENUM_CONVERSION = YES;
				CLANG_WARN_INT_CONVERSION = YES;
				CLANG_WARN_OBJC_ROOT_CLASS = YES_ERROR;
				CLANG_WARN_UNREACHABLE_CODE = YES;
				CLANG_WARN__DUPLICATE_METHOD_MATCH = YES;
				"CODE_SIGN_IDENTITY[sdk=iphoneos*]" = "iPhone Developer";
				COPY_PHASE_STRIP = NO;
				DEBUG_INFORMATION_FORMAT = "dwarf-with-dsym";
				ENABLE_NS_ASSERTIONS = NO;
				ENABLE_STRICT_OBJC_MSGSEND = YES;
				GCC_C_LANGUAGE_STANDARD = gnu99;
				GCC_NO_COMMON_BLOCKS = YES;
				GCC_WARN_64_TO_32_BIT_CONVERSION = YES;
				GCC_WARN_ABOUT_RETURN_TYPE = YES_ERROR;
				GCC_WARN_UNDECLARED_SELECTOR = YES;
				GCC_WARN_UNINITIALIZED_AUTOS = YES_AGGRESSIVE;
				GCC_WARN_UNUSED_FUNCTION = YES;
				GCC_WARN_UNUSED_VARIABLE = YES;
				IPHONEOS_DEPLOYMENT_TARGET = 9.3;
				MTL_ENABLE_DEBUG_INFO = NO;
				SDKROOT = iphoneos;
				TARGETED_DEVICE_FAMILY = "1,2";
				VALIDATE_PRODUCT = YES;
			};
			name = Release;
		};
		698362B51D2F3966002B7F6C /* Debug */ = {
			isa = XCBuildConfiguration;
			buildSettings = {
				ASSETCATALOG_COMPILER_APPICON_NAME = AppIcon;
				INFOPLIST_FILE = SQlite/Info.plist;
				LD_RUNPATH_SEARCH_PATHS = "$(inherited) @executable_path/Frameworks";
				PRODUCT_BUNDLE_IDENTIFIER = "-.SQlite";
				PRODUCT_NAME = "$(TARGET_NAME)";
				SWIFT_OBJC_BRIDGING_HEADER = /Users/20141105064l/Desktop/SQlite/SQlite/Header.h;
			};
			name = Debug;
		};
		698362B61D2F3966002B7F6C /* Release */ = {
			isa = XCBuildConfiguration;
			buildSettings = {
				ASSETCATALOG_COMPILER_APPICON_NAME = AppIcon;
				INFOPLIST_FILE = SQlite/Info.plist;
				LD_RUNPATH_SEARCH_PATHS = "$(inherited) @executable_path/Frameworks";
				PRODUCT_BUNDLE_IDENTIFIER = "-.SQlite";
				PRODUCT_NAME = "$(TARGET_NAME)";
				SWIFT_OBJC_BRIDGING_HEADER = /Users/20141105064l/Desktop/SQlite/SQlite/Header.h;
			};
			name = Release;
		};
		698362B81D2F3966002B7F6C /* Debug */ = {
			isa = XCBuildConfiguration;
			buildSettings = {
				BUNDLE_LOADER = "$(TEST_HOST)";
				INFOPLIST_FILE = SQliteTests/Info.plist;
				LD_RUNPATH_SEARCH_PATHS = "$(inherited) @executable_path/Frameworks @loader_path/Frameworks";
				PRODUCT_BUNDLE_IDENTIFIER = "-.SQliteTests";
				PRODUCT_NAME = "$(TARGET_NAME)";
				TEST_HOST = "$(BUILT_PRODUCTS_DIR)/SQlite.app/SQlite";
			};
			name = Debug;
		};
		698362B91D2F3966002B7F6C /* Release */ = {
			isa = XCBuildConfiguration;
			buildSettings = {
				BUNDLE_LOADER = "$(TEST_HOST)";
				INFOPLIST_FILE = SQliteTests/Info.plist;
				LD_RUNPATH_SEARCH_PATHS = "$(inherited) @executable_path/Frameworks @loader_path/Frameworks";
				PRODUCT_BUNDLE_IDENTIFIER = "-.SQliteTests";
				PRODUCT_NAME = "$(TARGET_NAME)";
				TEST_HOST = "$(BUILT_PRODUCTS_DIR)/SQlite.app/SQlite";
			};
			name = Release;
		};
		698362BB1D2F3966002B7F6C /* Debug */ = {
			isa = XCBuildConfiguration;
			buildSettings = {
				INFOPLIST_FILE = SQliteUITests/Info.plist;
				LD_RUNPATH_SEARCH_PATHS = "$(inherited) @executable_path/Frameworks @loader_path/Frameworks";
				PRODUCT_BUNDLE_IDENTIFIER = "-.SQliteUITests";
				PRODUCT_NAME = "$(TARGET_NAME)";
				TEST_TARGET_NAME = SQlite;
			};
			name = Debug;
		};
		698362BC1D2F3966002B7F6C /* Release */ = {
			isa = XCBuildConfiguration;
			buildSettings = {
				INFOPLIST_FILE = SQliteUITests/Info.plist;
				LD_RUNPATH_SEARCH_PATHS = "$(inherited) @executable_path/Frameworks @loader_path/Frameworks";
				PRODUCT_BUNDLE_IDENTIFIER = "-.SQliteUITests";
				PRODUCT_NAME = "$(TARGET_NAME)";
				TEST_TARGET_NAME = SQlite;
			};
			name = Release;
		};
/* End XCBuildConfiguration section */

/* Begin XCConfigurationList section */
		698362871D2F3966002B7F6C /* Build configuration list for PBXProject "SQlite" */ = {
			isa = XCConfigurationList;
			buildConfigurations = (
				698362B21D2F3966002B7F6C /* Debug */,
				698362B31D2F3966002B7F6C /* Release */,
			);
			defaultConfigurationIsVisible = 0;
			defaultConfigurationName = Release;
		};
		698362B41D2F3966002B7F6C /* Build configuration list for PBXNativeTarget "SQlite" */ = {
			isa = XCConfigurationList;
			buildConfigurations = (
				698362B51D2F3966002B7F6C /* Debug */,
				698362B61D2F3966002B7F6C /* Release */,
			);
			defaultConfigurationIsVisible = 0;
			defaultConfigurationName = Release;
		};
		698362B71D2F3966002B7F6C /* Build configuration list for PBXNativeTarget "SQliteTests" */ = {
			isa = XCConfigurationList;
			buildConfigurations = (
				698362B81D2F3966002B7F6C /* Debug */,
				698362B91D2F3966002B7F6C /* Release */,
			);
			defaultConfigurationIsVisible = 0;
			defaultConfigurationName = Release;
		};
		698362BA1D2F3966002B7F6C /* Build configuration list for PBXNativeTarget "SQliteUITests" */ = {
			isa = XCConfigurationList;
			buildConfigurations = (
				698362BB1D2F3966002B7F6C /* Debug */,
				698362BC1D2F3966002B7F6C /* Release */,
			);
			defaultConfigurationIsVisible = 0;
			defaultConfigurationName = Release;
		};
/* End XCConfigurationList section */
	};
	rootObject = 698362841D2F3966002B7F6C /* Project object */;
}
